{
  "requires": true,
  "lockfileVersion": 1,
  "dependencies": {
    "react-webcam": {
      "version": "5.2.0",
      "resolved": "https://registry.npmjs.org/react-webcam/-/react-webcam-5.2.0.tgz",
      "integrity": "sha512-mz/ehO/iTpnU6RcJgGRg1vjLh+ydm0jfJb84Fwws4YrXYf2IjrZlOn9eZ/Iu+/EJeKf8SlZEnu3G8Pz7atRN8w=="
    }
  }
}
